
Microsoft Visual Studio Solution File, Format Version 12.00
Project("{FAE04EC0-301F-11D3-BF4B-00C04F79EFBC}") = "ArchitectVizualizer", "ArchitectVizualizer\ArchitectVizualizer.csproj", "{8123C5A2-B791-462E-9A60-155F6BE0BCEF}"
EndProject
Global
	GlobalSection(SolutionConfigurationPlatforms) = preSolution
		Debug|Any CPU = Debug|Any CPU
		Release|Any CPU = Release|Any CPU
	EndGlobalSection
	GlobalSection(ProjectConfigurationPlatforms) = postSolution
		{8123C5A2-B791-462E-9A60-155F6BE0BCEF}.Debug|Any CPU.ActiveCfg = Debug|Any CPU
		{8123C5A2-B791-462E-9A60-155F6BE0BCEF}.Debug|Any CPU.Build.0 = Debug|Any CPU
		{8123C5A2-B791-462E-9A60-155F6BE0BCEF}.Release|Any CPU.ActiveCfg = Release|Any CPU
		{8123C5A2-B791-462E-9A60-155F6BE0BCEF}.Release|Any CPU.Build.0 = Release|Any CPU
	EndGlobalSection
EndGlobal
